
Microsoft Visual Studio Solution File, Format Version 12.00
# Visual Studio Version 17
VisualStudioVersion = 17.9.34723.18
MinimumVisualStudioVersion = 10.0.40219.1
Project("{FAE04EC0-301F-11D3-BF4B-00C04F79EFBC}") = "EF013.BaseTypeDefaultMapping", "EF013.BaseTypeDefaultMapping\EF013.BaseTypeDefaultMapping.csproj", "{91BE91B1-67BD-49CF-A98A-A364A4E8424C}"
EndProject
Global
	GlobalSection(SolutionConfigurationPlatforms) = preSolution
		Debug|Any CPU = Debug|Any CPU
		Release|Any CPU = Release|Any CPU
	EndGlobalSection
	GlobalSection(ProjectConfigurationPlatforms) = postSolution
		{91BE91B1-67BD-49CF-A98A-A364A4E8424C}.Debug|Any CPU.ActiveCfg = Debug|Any CPU
		{91BE91B1-67BD-49CF-A98A-A364A4E8424C}.Debug|Any CPU.Build.0 = Debug|Any CPU
		{91BE91B1-67BD-49CF-A98A-A364A4E8424C}.Release|Any CPU.ActiveCfg = Release|Any CPU
		{91BE91B1-67BD-49CF-A98A-A364A4E8424C}.Release|Any CPU.Build.0 = Release|Any CPU
	EndGlobalSection
	GlobalSection(SolutionProperties) = preSolution
		HideSolutionNode = FALSE
	EndGlobalSection
	GlobalSection(ExtensibilityGlobals) = postSolution
		SolutionGuid = {1CF0F833-82BA-41B6-A508-306078596802}
	EndGlobalSection
EndGlobal
